
Microsoft Visual Studio Solution File, Format Version 12.00
# Visual Studio Version 17
VisualStudioVersion = 17.0.32126.317
MinimumVisualStudioVersion = 10.0.40219.1
Project("{9A19103F-16F7-4668-BE54-9A1E7A4F7556}") = "Ahaji.Admin", "Ahaji\Ahaji.Admin.csproj", "{27F6A830-7C3C-4878-B742-1784D833FDB4}"
EndProject
Project("{FAE04EC0-301F-11D3-BF4B-00C04F79EFBC}") = "Application", "Application\Application.csproj", "{017787BB-63C5-4848-9734-00A984200100}"
EndProject
Project("{FAE04EC0-301F-11D3-BF4B-00C04F79EFBC}") = "CustomerBooking", "CustomerBooking\CustomerBooking.csproj", "{9B9E9A30-4A41-4D88-892D-4624BB622112}"
EndProject
Global
	GlobalSection(SolutionConfigurationPlatforms) = preSolution
		Debug|Any CPU = Debug|Any CPU
		Release|Any CPU = Release|Any CPU
	EndGlobalSection
	GlobalSection(ProjectConfigurationPlatforms) = postSolution
		{27F6A830-7C3C-4878-B742-1784D833FDB4}.Debug|Any CPU.ActiveCfg = Debug|Any CPU
		{27F6A830-7C3C-4878-B742-1784D833FDB4}.Debug|Any CPU.Build.0 = Debug|Any CPU
		{27F6A830-7C3C-4878-B742-1784D833FDB4}.Release|Any CPU.ActiveCfg = Release|Any CPU
		{27F6A830-7C3C-4878-B742-1784D833FDB4}.Release|Any CPU.Build.0 = Release|Any CPU
		{017787BB-63C5-4848-9734-00A984200100}.Debug|Any CPU.ActiveCfg = Debug|Any CPU
		{017787BB-63C5-4848-9734-00A984200100}.Debug|Any CPU.Build.0 = Debug|Any CPU
		{017787BB-63C5-4848-9734-00A984200100}.Release|Any CPU.ActiveCfg = Release|Any CPU
		{017787BB-63C5-4848-9734-00A984200100}.Release|Any CPU.Build.0 = Release|Any CPU
		{9B9E9A30-4A41-4D88-892D-4624BB622112}.Debug|Any CPU.ActiveCfg = Debug|Any CPU
		{9B9E9A30-4A41-4D88-892D-4624BB622112}.Debug|Any CPU.Build.0 = Debug|Any CPU
		{9B9E9A30-4A41-4D88-892D-4624BB622112}.Release|Any CPU.ActiveCfg = Release|Any CPU
		{9B9E9A30-4A41-4D88-892D-4624BB622112}.Release|Any CPU.Build.0 = Release|Any CPU
	EndGlobalSection
	GlobalSection(SolutionProperties) = preSolution
		HideSolutionNode = FALSE
	EndGlobalSection
	GlobalSection(ExtensibilityGlobals) = postSolution
		SolutionGuid = {C0AB28EF-0AAF-4463-AAC6-9BDAEDF794FD}
	EndGlobalSection
EndGlobal
